
Microsoft Visual Studio Solution File, Format Version 12.00
# Visual Studio Version 17
VisualStudioVersion = 17.14.37012.4
MinimumVisualStudioVersion = 10.0.40219.1
Project("{FAE04EC0-301F-11D3-BF4B-00C04F79EFBC}") = "EventManager.WebAPI", "EventManager.WebAPI\EventManager.WebAPI.csproj", "{4490D234-E188-4ABA-9CDA-D1E98D5D5973}"
EndProject
Global
	GlobalSection(SolutionConfigurationPlatforms) = preSolution
		Debug|Any CPU = Debug|Any CPU
		Release|Any CPU = Release|Any CPU
	EndGlobalSection
	GlobalSection(ProjectConfigurationPlatforms) = postSolution
		{4490D234-E188-4ABA-9CDA-D1E98D5D5973}.Debug|Any CPU.ActiveCfg = Debug|Any CPU
		{4490D234-E188-4ABA-9CDA-D1E98D5D5973}.Debug|Any CPU.Build.0 = Debug|Any CPU
		{4490D234-E188-4ABA-9CDA-D1E98D5D5973}.Release|Any CPU.ActiveCfg = Release|Any CPU
		{4490D234-E188-4ABA-9CDA-D1E98D5D5973}.Release|Any CPU.Build.0 = Release|Any CPU
	EndGlobalSection
	GlobalSection(SolutionProperties) = preSolution
		HideSolutionNode = FALSE
	EndGlobalSection
	GlobalSection(ExtensibilityGlobals) = postSolution
		SolutionGuid = {C40F2FFC-B100-47DA-BC70-EEFE27EE74EA}
	EndGlobalSection
EndGlobal
